
Microsoft Visual Studio Solution File, Format Version 12.00
# Visual Studio Version 17
VisualStudioVersion = 17.3.32929.385
MinimumVisualStudioVersion = 10.0.40219.1
Project("{FAE04EC0-301F-11D3-BF4B-00C04F79EFBC}") = "OgrenciNotKayitSistemi", "OgrenciNotKayitSistemi\OgrenciNotKayitSistemi.csproj", "{008A8359-07FD-435F-8DA9-E82500FFEE3A}"
EndProject
Global
	GlobalSection(SolutionConfigurationPlatforms) = preSolution
		Debug|Any CPU = Debug|Any CPU
		Release|Any CPU = Release|Any CPU
	EndGlobalSection
	GlobalSection(ProjectConfigurationPlatforms) = postSolution
		{008A8359-07FD-435F-8DA9-E82500FFEE3A}.Debug|Any CPU.ActiveCfg = Debug|Any CPU
		{008A8359-07FD-435F-8DA9-E82500FFEE3A}.Debug|Any CPU.Build.0 = Debug|Any CPU
		{008A8359-07FD-435F-8DA9-E82500FFEE3A}.Release|Any CPU.ActiveCfg = Release|Any CPU
		{008A8359-07FD-435F-8DA9-E82500FFEE3A}.Release|Any CPU.Build.0 = Release|Any CPU
	EndGlobalSection
	GlobalSection(SolutionProperties) = preSolution
		HideSolutionNode = FALSE
	EndGlobalSection
	GlobalSection(ExtensibilityGlobals) = postSolution
		SolutionGuid = {BA3EEB30-985A-4FDB-878C-25A6C9511C7C}
	EndGlobalSection
EndGlobal
